{
  "name": "datasource",
  "version": "1.0.0",
  "lockfileVersion": 2,
  "requires": true,
  "packages": {
    "": {
      "name": "datasource",
      "version": "1.0.0",
      "license": "ISC",
      "dependencies": {
        "paho-mqtt": "^1.1.0",
        "rxjs": "^7.8.0"
      },
      "devDependencies": {
        "@types/paho-mqtt": "^1.0.6"
      }
    },
    "node_modules/@types/paho-mqtt": {
      "version": "1.0.6",
      "resolved": "https://registry.npmjs.org/@types/paho-mqtt/-/paho-mqtt-1.0.6.tgz",
      "integrity": "sha512-d6CXsdv2fEruyZLe5DUtgGsF8ROp0358OrEmVgqtFxO/kiCvP9KhYen9N6ReKBkMdR/d0parLQq6DMn2qe6d9Q==",
      "dev": true
    },
    "node_modules/paho-mqtt": {
      "version": "1.1.0",
      "resolved": "https://registry.npmjs.org/paho-mqtt/-/paho-mqtt-1.1.0.tgz",
      "integrity": "sha512-KPbL9KAB0ASvhSDbOrZBaccXS+/s7/LIofbPyERww8hM5Ko71GUJQ6Nmg0BWqj8phAIT8zdf/Sd/RftHU9i2HA=="
    },
    "node_modules/rxjs": {
      "version": "7.8.0",
      "resolved": "https://registry.npmjs.org/rxjs/-/rxjs-7.8.0.tgz",
      "integrity": "sha512-F2+gxDshqmIub1KdvZkaEfGDwLNpPvk9Fs6LD/MyQxNgMds/WH9OdDDXOmxUZpME+iSK3rQCctkL0DYyytUqMg==",
      "dependencies": {
        "tslib": "^2.1.0"
      }
    },
    "node_modules/tslib": {
      "version": "2.5.0",
      "resolved": "https://registry.npmjs.org/tslib/-/tslib-2.5.0.tgz",
      "integrity": "sha512-336iVw3rtn2BUK7ORdIAHTyxHGRIHVReokCR3XjbckJMK7ms8FysBfhLR8IXnAgy7T0PTPNBWKiH514FOW/WSg=="
    }
  },
  "dependencies": {
    "@types/paho-mqtt": {
      "version": "1.0.6",
      "resolved": "https://registry.npmjs.org/@types/paho-mqtt/-/paho-mqtt-1.0.6.tgz",
      "integrity": "sha512-d6CXsdv2fEruyZLe5DUtgGsF8ROp0358OrEmVgqtFxO/kiCvP9KhYen9N6ReKBkMdR/d0parLQq6DMn2qe6d9Q==",
      "dev": true
    },
    "paho-mqtt": {
      "version": "1.1.0",
      "resolved": "https://registry.npmjs.org/paho-mqtt/-/paho-mqtt-1.1.0.tgz",
      "integrity": "sha512-KPbL9KAB0ASvhSDbOrZBaccXS+/s7/LIofbPyERww8hM5Ko71GUJQ6Nmg0BWqj8phAIT8zdf/Sd/RftHU9i2HA=="
    },
    "rxjs": {
      "version": "7.8.0",
      "resolved": "https://registry.npmjs.org/rxjs/-/rxjs-7.8.0.tgz",
      "integrity": "sha512-F2+gxDshqmIub1KdvZkaEfGDwLNpPvk9Fs6LD/MyQxNgMds/WH9OdDDXOmxUZpME+iSK3rQCctkL0DYyytUqMg==",
      "requires": {
        "tslib": "^2.1.0"
      }
    },
    "tslib": {
      "version": "2.5.0",
      "resolved": "https://registry.npmjs.org/tslib/-/tslib-2.5.0.tgz",
      "integrity": "sha512-336iVw3rtn2BUK7ORdIAHTyxHGRIHVReokCR3XjbckJMK7ms8FysBfhLR8IXnAgy7T0PTPNBWKiH514FOW/WSg=="
    }
  }
}
